
Microsoft Visual Studio Solution File, Format Version 12.00
# Visual Studio 14
VisualStudioVersion = 14.0.25123.0
MinimumVisualStudioVersion = 10.0.40219.1
Project("{FAE04EC0-301F-11D3-BF4B-00C04F79EFBC}") = "Komplettering", "Komplettering\Komplettering.csproj", "{17F6CF01-AAF1-4DBF-BF9F-DDAAE1798ABD}"
EndProject
Project("{FAE04EC0-301F-11D3-BF4B-00C04F79EFBC}") = "Uppgift9", "Uppgift9\Uppgift9.csproj", "{D8DE929A-7B10-4778-91B0-73299001825B}"
EndProject
Project("{FAE04EC0-301F-11D3-BF4B-00C04F79EFBC}") = "LifeGame", "LifeGame\LifeGame.csproj", "{49688694-F6BF-49B4-9319-BE945CF72C83}"
EndProject
Project("{FAE04EC0-301F-11D3-BF4B-00C04F79EFBC}") = "BlackJack", "BlackJack\BlackJack.csproj", "{1FBBF6F6-C867-49C0-8AF5-D2826B2B1ECF}"
EndProject
Project("{FAE04EC0-301F-11D3-BF4B-00C04F79EFBC}") = "Uppgift10", "Uppgift10\Uppgift10.csproj", "{34531CA2-B5A6-45F8-910A-BCE3C842F762}"
EndProject
Project("{FAE04EC0-301F-11D3-BF4B-00C04F79EFBC}") = "Uppgift11", "Uppgift11\Uppgift11.csproj", "{0655F256-65DD-43A7-83A9-3A05F767003E}"
EndProject
Project("{FAE04EC0-301F-11D3-BF4B-00C04F79EFBC}") = "Uppgift12", "Uppgift12\Uppgift12.csproj", "{40704F03-BA35-4B82-BDAC-3AB4190EB1D3}"
EndProject
Global
	GlobalSection(SolutionConfigurationPlatforms) = preSolution
		Debug|Any CPU = Debug|Any CPU
		Release|Any CPU = Release|Any CPU
	EndGlobalSection
	GlobalSection(ProjectConfigurationPlatforms) = postSolution
		{17F6CF01-AAF1-4DBF-BF9F-DDAAE1798ABD}.Debug|Any CPU.ActiveCfg = Debug|Any CPU
		{17F6CF01-AAF1-4DBF-BF9F-DDAAE1798ABD}.Debug|Any CPU.Build.0 = Debug|Any CPU
		{17F6CF01-AAF1-4DBF-BF9F-DDAAE1798ABD}.Release|Any CPU.ActiveCfg = Release|Any CPU
		{17F6CF01-AAF1-4DBF-BF9F-DDAAE1798ABD}.Release|Any CPU.Build.0 = Release|Any CPU
		{D8DE929A-7B10-4778-91B0-73299001825B}.Debug|Any CPU.ActiveCfg = Debug|Any CPU
		{D8DE929A-7B10-4778-91B0-73299001825B}.Debug|Any CPU.Build.0 = Debug|Any CPU
		{D8DE929A-7B10-4778-91B0-73299001825B}.Release|Any CPU.ActiveCfg = Release|Any CPU
		{D8DE929A-7B10-4778-91B0-73299001825B}.Release|Any CPU.Build.0 = Release|Any CPU
		{49688694-F6BF-49B4-9319-BE945CF72C83}.Debug|Any CPU.ActiveCfg = Debug|Any CPU
		{49688694-F6BF-49B4-9319-BE945CF72C83}.Debug|Any CPU.Build.0 = Debug|Any CPU
		{49688694-F6BF-49B4-9319-BE945CF72C83}.Release|Any CPU.ActiveCfg = Release|Any CPU
		{49688694-F6BF-49B4-9319-BE945CF72C83}.Release|Any CPU.Build.0 = Release|Any CPU
		{1FBBF6F6-C867-49C0-8AF5-D2826B2B1ECF}.Debug|Any CPU.ActiveCfg = Debug|Any CPU
		{1FBBF6F6-C867-49C0-8AF5-D2826B2B1ECF}.Debug|Any CPU.Build.0 = Debug|Any CPU
		{1FBBF6F6-C867-49C0-8AF5-D2826B2B1ECF}.Release|Any CPU.ActiveCfg = Release|Any CPU
		{1FBBF6F6-C867-49C0-8AF5-D2826B2B1ECF}.Release|Any CPU.Build.0 = Release|Any CPU
		{34531CA2-B5A6-45F8-910A-BCE3C842F762}.Debug|Any CPU.ActiveCfg = Debug|Any CPU
		{34531CA2-B5A6-45F8-910A-BCE3C842F762}.Debug|Any CPU.Build.0 = Debug|Any CPU
		{34531CA2-B5A6-45F8-910A-BCE3C842F762}.Release|Any CPU.ActiveCfg = Release|Any CPU
		{34531CA2-B5A6-45F8-910A-BCE3C842F762}.Release|Any CPU.Build.0 = Release|Any CPU
		{0655F256-65DD-43A7-83A9-3A05F767003E}.Debug|Any CPU.ActiveCfg = Debug|Any CPU
		{0655F256-65DD-43A7-83A9-3A05F767003E}.Debug|Any CPU.Build.0 = Debug|Any CPU
		{0655F256-65DD-43A7-83A9-3A05F767003E}.Release|Any CPU.ActiveCfg = Release|Any CPU
		{0655F256-65DD-43A7-83A9-3A05F767003E}.Release|Any CPU.Build.0 = Release|Any CPU
		{40704F03-BA35-4B82-BDAC-3AB4190EB1D3}.Debug|Any CPU.ActiveCfg = Debug|Any CPU
		{40704F03-BA35-4B82-BDAC-3AB4190EB1D3}.Debug|Any CPU.Build.0 = Debug|Any CPU
		{40704F03-BA35-4B82-BDAC-3AB4190EB1D3}.Release|Any CPU.ActiveCfg = Release|Any CPU
		{40704F03-BA35-4B82-BDAC-3AB4190EB1D3}.Release|Any CPU.Build.0 = Release|Any CPU
	EndGlobalSection
	GlobalSection(SolutionProperties) = preSolution
		HideSolutionNode = FALSE
	EndGlobalSection
EndGlobal
